// !$*UTF8*$!
{
	archiveVersion = 1;
	classes = {
	};
	objectVersion = 56;
	objects = {

/* Begin PBXBuildFile section */
		1E410AA329632C900076E6C5 /* AppEnvironment+EnvironmentType.swift in Sources */ = {isa = PBXBuildFile; fileRef = 1E410AA229632C900076E6C5 /* AppEnvironment+EnvironmentType.swift */; };
		1E566D8F2962D43A001B4BA3 /* AppEnvironment.swift in Sources */ = {isa = PBXBuildFile; fileRef = 1E566D8E2962D43A001B4BA3 /* AppEnvironment.swift */; };
		1EE452C1295CA27600383982 /* AppDelegate.swift in Sources */ = {isa = PBXBuildFile; fileRef = 1EE452C0295CA27600383982 /* AppDelegate.swift */; };
		1EE452C3295CA27600383982 /* SceneDelegate.swift in Sources */ = {isa = PBXBuildFile; fileRef = 1EE452C2295CA27600383982 /* SceneDelegate.swift */; };
		1EE452CA295CA27700383982 /* Assets.xcassets in Resources */ = {isa = PBXBuildFile; fileRef = 1EE452C9295CA27700383982 /* Assets.xcassets */; };
		1EE452CD295CA27700383982 /* LaunchScreen.storyboard in Resources */ = {isa = PBXBuildFile; fileRef = 1EE452CB295CA27700383982 /* LaunchScreen.storyboard */; };
		1EE452DB295CA2BC00383982 /* WidgetKit.framework in Frameworks */ = {isa = PBXBuildFile; fileRef = 1EE452DA295CA2BC00383982 /* WidgetKit.framework */; };
		1EE452DD295CA2BC00383982 /* SwiftUI.framework in Frameworks */ = {isa = PBXBuildFile; fileRef = 1EE452DC295CA2BC00383982 /* SwiftUI.framework */; };
		1EE452E0295CA2BC00383982 /* WidgetBundle.swift in Sources */ = {isa = PBXBuildFile; fileRef = 1EE452DF295CA2BC00383982 /* WidgetBundle.swift */; };
		1EE452E4295CA2BD00383982 /* Assets.xcassets in Resources */ = {isa = PBXBuildFile; fileRef = 1EE452E3295CA2BD00383982 /* Assets.xcassets */; };
		1EE452E9295CA2BD00383982 /* WidgetExtension.appex in Embed Foundation Extensions */ = {isa = PBXBuildFile; fileRef = 1EE452D8295CA2BC00383982 /* WidgetExtension.appex */; settings = {ATTRIBUTES = (RemoveHeadersOnCopy, ); }; };
		1EE452EE295CA31D00383982 /* AppFeature in Frameworks */ = {isa = PBXBuildFile; productRef = 1EE452ED295CA31D00383982 /* AppFeature */; };
		1EE452F0295CA32200383982 /* WidgetFeature in Frameworks */ = {isa = PBXBuildFile; productRef = 1EE452EF295CA32200383982 /* WidgetFeature */; };
/* End PBXBuildFile section */

/* Begin PBXContainerItemProxy section */
		1EE452E6295CA2BD00383982 /* PBXContainerItemProxy */ = {
			isa = PBXContainerItemProxy;
			containerPortal = 1EE452B5295CA27600383982 /* Project object */;
			proxyType = 1;
			remoteGlobalIDString = 1EE452D7295CA2BC00383982;
			remoteInfo = WidgetExtension;
		};
/* End PBXContainerItemProxy section */

/* Begin PBXCopyFilesBuildPhase section */
		1EE452E8295CA2BD00383982 /* Embed Foundation Extensions */ = {
			isa = PBXCopyFilesBuildPhase;
			buildActionMask = 2147483647;
			dstPath = "";
			dstSubfolderSpec = 13;
			files = (
				1EE452E9295CA2BD00383982 /* WidgetExtension.appex in Embed Foundation Extensions */,
			);
			name = "Embed Foundation Extensions";
			runOnlyForDeploymentPostprocessing = 0;
		};
/* End PBXCopyFilesBuildPhase section */

/* Begin PBXFileReference section */
		1E410AA229632C900076E6C5 /* AppEnvironment+EnvironmentType.swift */ = {isa = PBXFileReference; fileEncoding = 4; lastKnownFileType = sourcecode.swift; path = "AppEnvironment+EnvironmentType.swift"; sourceTree = "<group>"; };
		1E566D8E2962D43A001B4BA3 /* AppEnvironment.swift */ = {isa = PBXFileReference; lastKnownFileType = sourcecode.swift; path = AppEnvironment.swift; sourceTree = "<group>"; };
		1EE452BD295CA27600383982 /* MultiModuleSample.app */ = {isa = PBXFileReference; explicitFileType = wrapper.application; includeInIndex = 0; path = MultiModuleSample.app; sourceTree = BUILT_PRODUCTS_DIR; };
		1EE452C0295CA27600383982 /* AppDelegate.swift */ = {isa = PBXFileReference; lastKnownFileType = sourcecode.swift; path = AppDelegate.swift; sourceTree = "<group>"; };
		1EE452C2295CA27600383982 /* SceneDelegate.swift */ = {isa = PBXFileReference; lastKnownFileType = sourcecode.swift; path = SceneDelegate.swift; sourceTree = "<group>"; };
		1EE452C9295CA27700383982 /* Assets.xcassets */ = {isa = PBXFileReference; lastKnownFileType = folder.assetcatalog; path = Assets.xcassets; sourceTree = "<group>"; };
		1EE452CC295CA27700383982 /* Base */ = {isa = PBXFileReference; lastKnownFileType = file.storyboard; name = Base; path = Base.lproj/LaunchScreen.storyboard; sourceTree = "<group>"; };
		1EE452CE295CA27700383982 /* Info.plist */ = {isa = PBXFileReference; lastKnownFileType = text.plist.xml; path = Info.plist; sourceTree = "<group>"; };
		1EE452D8295CA2BC00383982 /* WidgetExtension.appex */ = {isa = PBXFileReference; explicitFileType = "wrapper.app-extension"; includeInIndex = 0; path = WidgetExtension.appex; sourceTree = BUILT_PRODUCTS_DIR; };
		1EE452DA295CA2BC00383982 /* WidgetKit.framework */ = {isa = PBXFileReference; lastKnownFileType = wrapper.framework; name = WidgetKit.framework; path = System/Library/Frameworks/WidgetKit.framework; sourceTree = SDKROOT; };
		1EE452DC295CA2BC00383982 /* SwiftUI.framework */ = {isa = PBXFileReference; lastKnownFileType = wrapper.framework; name = SwiftUI.framework; path = System/Library/Frameworks/SwiftUI.framework; sourceTree = SDKROOT; };
		1EE452DF295CA2BC00383982 /* WidgetBundle.swift */ = {isa = PBXFileReference; lastKnownFileType = sourcecode.swift; path = WidgetBundle.swift; sourceTree = "<group>"; };
		1EE452E3295CA2BD00383982 /* Assets.xcassets */ = {isa = PBXFileReference; lastKnownFileType = folder.assetcatalog; path = Assets.xcassets; sourceTree = "<group>"; };
		1EE452E5295CA2BD00383982 /* Info.plist */ = {isa = PBXFileReference; lastKnownFileType = text.plist.xml; path = Info.plist; sourceTree = "<group>"; };
/* End PBXFileReference section */

/* Begin PBXFrameworksBuildPhase section */
		1EE452BA295CA27600383982 /* Frameworks */ = {
			isa = PBXFrameworksBuildPhase;
			buildActionMask = 2147483647;
			files = (
				1EE452EE295CA31D00383982 /* AppFeature in Frameworks */,
			);
			runOnlyForDeploymentPostprocessing = 0;
		};
		1EE452D5295CA2BC00383982 /* Frameworks */ = {
			isa = PBXFrameworksBuildPhase;
			buildActionMask = 2147483647;
			files = (
				1EE452DD295CA2BC00383982 /* SwiftUI.framework in Frameworks */,
				1EE452F0295CA32200383982 /* WidgetFeature in Frameworks */,
				1EE452DB295CA2BC00383982 /* WidgetKit.framework in Frameworks */,
			);
			runOnlyForDeploymentPostprocessing = 0;
		};
/* End PBXFrameworksBuildPhase section */

/* Begin PBXGroup section */
		1E410AA129632BFB0076E6C5 /* Generated */ = {
			isa = PBXGroup;
			children = (
				1E410AA229632C900076E6C5 /* AppEnvironment+EnvironmentType.swift */,
			);
			path = Generated;
			sourceTree = "<group>";
		};
		1EE452B4295CA27600383982 = {
			isa = PBXGroup;
			children = (
				1EE452BF295CA27600383982 /* App */,
				1EE452DE295CA2BC00383982 /* Widget */,
				1EE452D9295CA2BC00383982 /* Frameworks */,
				1EE452BE295CA27600383982 /* Products */,
			);
			sourceTree = "<group>";
		};
		1EE452BE295CA27600383982 /* Products */ = {
			isa = PBXGroup;
			children = (
				1EE452BD295CA27600383982 /* MultiModuleSample.app */,
				1EE452D8295CA2BC00383982 /* WidgetExtension.appex */,
			);
			name = Products;
			sourceTree = "<group>";
		};
		1EE452BF295CA27600383982 /* App */ = {
			isa = PBXGroup;
			children = (
				1E410AA129632BFB0076E6C5 /* Generated */,
				1EE452C0295CA27600383982 /* AppDelegate.swift */,
				1E566D8E2962D43A001B4BA3 /* AppEnvironment.swift */,
				1EE452C2295CA27600383982 /* SceneDelegate.swift */,
				1EE452C9295CA27700383982 /* Assets.xcassets */,
				1EE452CB295CA27700383982 /* LaunchScreen.storyboard */,
				1EE452CE295CA27700383982 /* Info.plist */,
			);
			path = App;
			sourceTree = "<group>";
		};
		1EE452D9295CA2BC00383982 /* Frameworks */ = {
			isa = PBXGroup;
			children = (
				1EE452DA295CA2BC00383982 /* WidgetKit.framework */,
				1EE452DC295CA2BC00383982 /* SwiftUI.framework */,
			);
			name = Frameworks;
			sourceTree = "<group>";
		};
		1EE452DE295CA2BC00383982 /* Widget */ = {
			isa = PBXGroup;
			children = (
				1EE452DF295CA2BC00383982 /* WidgetBundle.swift */,
				1EE452E3295CA2BD00383982 /* Assets.xcassets */,
				1EE452E5295CA2BD00383982 /* Info.plist */,
			);
			path = Widget;
			sourceTree = "<group>";
		};
/* End PBXGroup section */

/* Begin PBXNativeTarget section */
		1EE452BC295CA27600383982 /* MultiModuleSample */ = {
			isa = PBXNativeTarget;
			buildConfigurationList = 1EE452D1295CA27700383982 /* Build configuration list for PBXNativeTarget "MultiModuleSample" */;
			buildPhases = (
				1EE452B9295CA27600383982 /* Sources */,
				1EE452BA295CA27600383982 /* Frameworks */,
				1EE452BB295CA27600383982 /* Resources */,
				1EE452E8295CA2BD00383982 /* Embed Foundation Extensions */,
			);
			buildRules = (
			);
			dependencies = (
				1EE452E7295CA2BD00383982 /* PBXTargetDependency */,
			);
			name = MultiModuleSample;
			packageProductDependencies = (
				1EE452ED295CA31D00383982 /* AppFeature */,
			);
			productName = MultiModuleSample;
			productReference = 1EE452BD295CA27600383982 /* MultiModuleSample.app */;
			productType = "com.apple.product-type.application";
		};
		1EE452D7295CA2BC00383982 /* WidgetExtension */ = {
			isa = PBXNativeTarget;
			buildConfigurationList = 1EE452EA295CA2BD00383982 /* Build configuration list for PBXNativeTarget "WidgetExtension" */;
			buildPhases = (
				1EE452D4295CA2BC00383982 /* Sources */,
				1EE452D5295CA2BC00383982 /* Frameworks */,
				1EE452D6295CA2BC00383982 /* Resources */,
			);
			buildRules = (
			);
			dependencies = (
			);
			name = WidgetExtension;
			packageProductDependencies = (
				1EE452EF295CA32200383982 /* WidgetFeature */,
			);
			productName = WidgetExtension;
			productReference = 1EE452D8295CA2BC00383982 /* WidgetExtension.appex */;
			productType = "com.apple.product-type.app-extension";
		};
/* End PBXNativeTarget section */

/* Begin PBXProject section */
		1EE452B5295CA27600383982 /* Project object */ = {
			isa = PBXProject;
			attributes = {
				BuildIndependentTargetsInParallel = 1;
				LastSwiftUpdateCheck = 1420;
				LastUpgradeCheck = 1420;
				TargetAttributes = {
					1EE452BC295CA27600383982 = {
						CreatedOnToolsVersion = 14.2;
					};
					1EE452D7295CA2BC00383982 = {
						CreatedOnToolsVersion = 14.2;
					};
				};
			};
			buildConfigurationList = 1EE452B8295CA27600383982 /* Build configuration list for PBXProject "MultiModuleSample" */;
			compatibilityVersion = "Xcode 14.0";
			developmentRegion = en;
			hasScannedForEncodings = 0;
			knownRegions = (
				en,
				Base,
			);
			mainGroup = 1EE452B4295CA27600383982;
			productRefGroup = 1EE452BE295CA27600383982 /* Products */;
			projectDirPath = "";
			projectRoot = "";
			targets = (
				1EE452BC295CA27600383982 /* MultiModuleSample */,
				1EE452D7295CA2BC00383982 /* WidgetExtension */,
			);
		};
/* End PBXProject section */

/* Begin PBXResourcesBuildPhase section */
		1EE452BB295CA27600383982 /* Resources */ = {
			isa = PBXResourcesBuildPhase;
			buildActionMask = 2147483647;
			files = (
				1EE452CD295CA27700383982 /* LaunchScreen.storyboard in Resources */,
				1EE452CA295CA27700383982 /* Assets.xcassets in Resources */,
			);
			runOnlyForDeploymentPostprocessing = 0;
		};
		1EE452D6295CA2BC00383982 /* Resources */ = {
			isa = PBXResourcesBuildPhase;
			buildActionMask = 2147483647;
			files = (
				1EE452E4295CA2BD00383982 /* Assets.xcassets in Resources */,
			);
			runOnlyForDeploymentPostprocessing = 0;
		};
/* End PBXResourcesBuildPhase section */

/* Begin PBXSourcesBuildPhase section */
		1EE452B9295CA27600383982 /* Sources */ = {
			isa = PBXSourcesBuildPhase;
			buildActionMask = 2147483647;
			files = (
				1EE452C1295CA27600383982 /* AppDelegate.swift in Sources */,
				1EE452C3295CA27600383982 /* SceneDelegate.swift in Sources */,
				1E566D8F2962D43A001B4BA3 /* AppEnvironment.swift in Sources */,
				1E410AA329632C900076E6C5 /* AppEnvironment+EnvironmentType.swift in Sources */,
			);
			runOnlyForDeploymentPostprocessing = 0;
		};
		1EE452D4295CA2BC00383982 /* Sources */ = {
			isa = PBXSourcesBuildPhase;
			buildActionMask = 2147483647;
			files = (
				1EE452E0295CA2BC00383982 /* WidgetBundle.swift in Sources */,
			);
			runOnlyForDeploymentPostprocessing = 0;
		};
/* End PBXSourcesBuildPhase section */

/* Begin PBXTargetDependency section */
		1EE452E7295CA2BD00383982 /* PBXTargetDependency */ = {
			isa = PBXTargetDependency;
			target = 1EE452D7295CA2BC00383982 /* WidgetExtension */;
			targetProxy = 1EE452E6295CA2BD00383982 /* PBXContainerItemProxy */;
		};
/* End PBXTargetDependency section */

/* Begin PBXVariantGroup section */
		1EE452CB295CA27700383982 /* LaunchScreen.storyboard */ = {
			isa = PBXVariantGroup;
			children = (
				1EE452CC295CA27700383982 /* Base */,
			);
			name = LaunchScreen.storyboard;
			sourceTree = "<group>";
		};
/* End PBXVariantGroup section */

/* Begin XCBuildConfiguration section */
		1EE452CF295CA27700383982 /* Debug */ = {
			isa = XCBuildConfiguration;
			buildSettings = {
				ALWAYS_SEARCH_USER_PATHS = NO;
				CLANG_ANALYZER_NONNULL = YES;
				CLANG_ANALYZER_NUMBER_OBJECT_CONVERSION = YES_AGGRESSIVE;
				CLANG_CXX_LANGUAGE_STANDARD = "gnu++20";
				CLANG_ENABLE_MODULES = YES;
				CLANG_ENABLE_OBJC_ARC = YES;
				CLANG_ENABLE_OBJC_WEAK = YES;
				CLANG_WARN_BLOCK_CAPTURE_AUTORELEASING = YES;
				CLANG_WARN_BOOL_CONVERSION = YES;
				CLANG_WARN_COMMA = YES;
				CLANG_WARN_CONSTANT_CONVERSION = YES;
				CLANG_WARN_DEPRECATED_OBJC_IMPLEMENTATIONS = YES;
				CLANG_WARN_DIRECT_OBJC_ISA_USAGE = YES_ERROR;
				CLANG_WARN_DOCUMENTATION_COMMENTS = YES;
				CLANG_WARN_EMPTY_BODY = YES;
				CLANG_WARN_ENUM_CONVERSION = YES;
				CLANG_WARN_INFINITE_RECURSION = YES;
				CLANG_WARN_INT_CONVERSION = YES;
				CLANG_WARN_NON_LITERAL_NULL_CONVERSION = YES;
				CLANG_WARN_OBJC_IMPLICIT_RETAIN_SELF = YES;
				CLANG_WARN_OBJC_LITERAL_CONVERSION = YES;
				CLANG_WARN_OBJC_ROOT_CLASS = YES_ERROR;
				CLANG_WARN_QUOTED_INCLUDE_IN_FRAMEWORK_HEADER = YES;
				CLANG_WARN_RANGE_LOOP_ANALYSIS = YES;
				CLANG_WARN_STRICT_PROTOTYPES = YES;
				CLANG_WARN_SUSPICIOUS_MOVE = YES;
				CLANG_WARN_UNGUARDED_AVAILABILITY = YES_AGGRESSIVE;
				CLANG_WARN_UNREACHABLE_CODE = YES;
				CLANG_WARN__DUPLICATE_METHOD_MATCH = YES;
				COPY_PHASE_STRIP = NO;
				DEBUG_INFORMATION_FORMAT = dwarf;
				ENABLE_STRICT_OBJC_MSGSEND = YES;
				ENABLE_TESTABILITY = YES;
				GCC_C_LANGUAGE_STANDARD = gnu11;
				GCC_DYNAMIC_NO_PIC = NO;
				GCC_NO_COMMON_BLOCKS = YES;
				GCC_OPTIMIZATION_LEVEL = 0;
				GCC_PREPROCESSOR_DEFINITIONS = (
					"DEBUG=1",
					"$(inherited)",
				);
				GCC_WARN_64_TO_32_BIT_CONVERSION = YES;
				GCC_WARN_ABOUT_RETURN_TYPE = YES_ERROR;
				GCC_WARN_UNDECLARED_SELECTOR = YES;
				GCC_WARN_UNINITIALIZED_AUTOS = YES_AGGRESSIVE;
				GCC_WARN_UNUSED_FUNCTION = YES;
				GCC_WARN_UNUSED_VARIABLE = YES;
				IPHONEOS_DEPLOYMENT_TARGET = 16.2;
				MTL_ENABLE_DEBUG_INFO = INCLUDE_SOURCE;
				MTL_FAST_MATH = YES;
				ONLY_ACTIVE_ARCH = YES;
				SDKROOT = iphoneos;
				SWIFT_ACTIVE_COMPILATION_CONDITIONS = DEBUG;
				SWIFT_OPTIMIZATION_LEVEL = "-Onone";
			};
			name = Debug;
		};
		1EE452D0295CA27700383982 /* Release */ = {
			isa = XCBuildConfiguration;
			buildSettings = {
				ALWAYS_SEARCH_USER_PATHS = NO;
				CLANG_ANALYZER_NONNULL = YES;
				CLANG_ANALYZER_NUMBER_OBJECT_CONVERSION = YES_AGGRESSIVE;
				CLANG_CXX_LANGUAGE_STANDARD = "gnu++20";
				CLANG_ENABLE_MODULES = YES;
				CLANG_ENABLE_OBJC_ARC = YES;
				CLANG_ENABLE_OBJC_WEAK = YES;
				CLANG_WARN_BLOCK_CAPTURE_AUTORELEASING = YES;
				CLANG_WARN_BOOL_CONVERSION = YES;
				CLANG_WARN_COMMA = YES;
				CLANG_WARN_CONSTANT_CONVERSION = YES;
				CLANG_WARN_DEPRECATED_OBJC_IMPLEMENTATIONS = YES;
				CLANG_WARN_DIRECT_OBJC_ISA_USAGE = YES_ERROR;
				CLANG_WARN_DOCUMENTATION_COMMENTS = YES;
				CLANG_WARN_EMPTY_BODY = YES;
				CLANG_WARN_ENUM_CONVERSION = YES;
				CLANG_WARN_INFINITE_RECURSION = YES;
				CLANG_WARN_INT_CONVERSION = YES;
				CLANG_WARN_NON_LITERAL_NULL_CONVERSION = YES;
				CLANG_WARN_OBJC_IMPLICIT_RETAIN_SELF = YES;
				CLANG_WARN_OBJC_LITERAL_CONVERSION = YES;
				CLANG_WARN_OBJC_ROOT_CLASS = YES_ERROR;
				CLANG_WARN_QUOTED_INCLUDE_IN_FRAMEWORK_HEADER = YES;
				CLANG_WARN_RANGE_LOOP_ANALYSIS = YES;
				CLANG_WARN_STRICT_PROTOTYPES = YES;
				CLANG_WARN_SUSPICIOUS_MOVE = YES;
				CLANG_WARN_UNGUARDED_AVAILABILITY = YES_AGGRESSIVE;
				CLANG_WARN_UNREACHABLE_CODE = YES;
				CLANG_WARN__DUPLICATE_METHOD_MATCH = YES;
				COPY_PHASE_STRIP = NO;
				DEBUG_INFORMATION_FORMAT = "dwarf-with-dsym";
				ENABLE_NS_ASSERTIONS = NO;
				ENABLE_STRICT_OBJC_MSGSEND = YES;
				GCC_C_LANGUAGE_STANDARD = gnu11;
				GCC_NO_COMMON_BLOCKS = YES;
				GCC_WARN_64_TO_32_BIT_CONVERSION = YES;
				GCC_WARN_ABOUT_RETURN_TYPE = YES_ERROR;
				GCC_WARN_UNDECLARED_SELECTOR = YES;
				GCC_WARN_UNINITIALIZED_AUTOS = YES_AGGRESSIVE;
				GCC_WARN_UNUSED_FUNCTION = YES;
				GCC_WARN_UNUSED_VARIABLE = YES;
				IPHONEOS_DEPLOYMENT_TARGET = 16.2;
				MTL_ENABLE_DEBUG_INFO = NO;
				MTL_FAST_MATH = YES;
				SDKROOT = iphoneos;
				SWIFT_COMPILATION_MODE = wholemodule;
				SWIFT_OPTIMIZATION_LEVEL = "-O";
				VALIDATE_PRODUCT = YES;
			};
			name = Release;
		};
		1EE452D2295CA27700383982 /* Debug */ = {
			isa = XCBuildConfiguration;
			buildSettings = {
				ALWAYS_EMBED_SWIFT_STANDARD_LIBRARIES = YES;
				ASSETCATALOG_COMPILER_APPICON_NAME = AppIcon;
				ASSETCATALOG_COMPILER_GLOBAL_ACCENT_COLOR_NAME = AccentColor;
				CODE_SIGN_STYLE = Automatic;
				CURRENT_PROJECT_VERSION = 1;
				GENERATE_INFOPLIST_FILE = YES;
				INFOPLIST_FILE = App/Info.plist;
				INFOPLIST_KEY_UIApplicationSupportsIndirectInputEvents = YES;
				INFOPLIST_KEY_UILaunchStoryboardName = LaunchScreen;
				INFOPLIST_KEY_UIMainStoryboardFile = "";
				INFOPLIST_KEY_UISupportedInterfaceOrientations = UIInterfaceOrientationPortrait;
				LD_RUNPATH_SEARCH_PATHS = (
					"$(inherited)",
					"@executable_path/Frameworks",
				);
				MARKETING_VERSION = 1.0;
				PRODUCT_BUNDLE_IDENTIFIER = dev.to4iki.MultiModuleSample;
				PRODUCT_NAME = "$(TARGET_NAME)";
				SUPPORTED_PLATFORMS = "iphoneos iphonesimulator";
				SUPPORTS_MACCATALYST = NO;
				SUPPORTS_MAC_DESIGNED_FOR_IPHONE_IPAD = NO;
				SWIFT_EMIT_LOC_STRINGS = YES;
				SWIFT_VERSION = 5.0;
				TARGETED_DEVICE_FAMILY = 1;
			};
			name = Debug;
		};
		1EE452D3295CA27700383982 /* Release */ = {
			isa = XCBuildConfiguration;
			buildSettings = {
				ALWAYS_EMBED_SWIFT_STANDARD_LIBRARIES = YES;
				ASSETCATALOG_COMPILER_APPICON_NAME = AppIcon;
				ASSETCATALOG_COMPILER_GLOBAL_ACCENT_COLOR_NAME = AccentColor;
				CODE_SIGN_STYLE = Automatic;
				CURRENT_PROJECT_VERSION = 1;
				GENERATE_INFOPLIST_FILE = YES;
				INFOPLIST_FILE = App/Info.plist;
				INFOPLIST_KEY_UIApplicationSupportsIndirectInputEvents = YES;
				INFOPLIST_KEY_UILaunchStoryboardName = LaunchScreen;
				INFOPLIST_KEY_UIMainStoryboardFile = "";
				INFOPLIST_KEY_UISupportedInterfaceOrientations = UIInterfaceOrientationPortrait;
				LD_RUNPATH_SEARCH_PATHS = (
					"$(inherited)",
					"@executable_path/Frameworks",
				);
				MARKETING_VERSION = 1.0;
				PRODUCT_BUNDLE_IDENTIFIER = dev.to4iki.MultiModuleSample;
				PRODUCT_NAME = "$(TARGET_NAME)";
				SUPPORTED_PLATFORMS = "iphoneos iphonesimulator";
				SUPPORTS_MACCATALYST = NO;
				SUPPORTS_MAC_DESIGNED_FOR_IPHONE_IPAD = NO;
				SWIFT_EMIT_LOC_STRINGS = YES;
				SWIFT_VERSION = 5.0;
				TARGETED_DEVICE_FAMILY = 1;
			};
			name = Release;
		};
		1EE452EB295CA2BD00383982 /* Debug */ = {
			isa = XCBuildConfiguration;
			buildSettings = {
				ASSETCATALOG_COMPILER_GLOBAL_ACCENT_COLOR_NAME = AccentColor;
				ASSETCATALOG_COMPILER_WIDGET_BACKGROUND_COLOR_NAME = WidgetBackground;
				CODE_SIGN_STYLE = Automatic;
				CURRENT_PROJECT_VERSION = 1;
				GENERATE_INFOPLIST_FILE = YES;
				INFOPLIST_FILE = Widget/Info.plist;
				INFOPLIST_KEY_CFBundleDisplayName = Widget;
				INFOPLIST_KEY_NSHumanReadableCopyright = "";
				LD_RUNPATH_SEARCH_PATHS = (
					"$(inherited)",
					"@executable_path/Frameworks",
					"@executable_path/../../Frameworks",
				);
				MARKETING_VERSION = 1.0;
				PRODUCT_BUNDLE_IDENTIFIER = dev.to4iki.MultiModuleSample.Widget;
				PRODUCT_NAME = "$(TARGET_NAME)";
				SKIP_INSTALL = YES;
				SWIFT_EMIT_LOC_STRINGS = YES;
				SWIFT_VERSION = 5.0;
				TARGETED_DEVICE_FAMILY = "1,2";
			};
			name = Debug;
		};
		1EE452EC295CA2BD00383982 /* Release */ = {
			isa = XCBuildConfiguration;
			buildSettings = {
				ASSETCATALOG_COMPILER_GLOBAL_ACCENT_COLOR_NAME = AccentColor;
				ASSETCATALOG_COMPILER_WIDGET_BACKGROUND_COLOR_NAME = WidgetBackground;
				CODE_SIGN_STYLE = Automatic;
				CURRENT_PROJECT_VERSION = 1;
				GENERATE_INFOPLIST_FILE = YES;
				INFOPLIST_FILE = Widget/Info.plist;
				INFOPLIST_KEY_CFBundleDisplayName = Widget;
				INFOPLIST_KEY_NSHumanReadableCopyright = "";
				LD_RUNPATH_SEARCH_PATHS = (
					"$(inherited)",
					"@executable_path/Frameworks",
					"@executable_path/../../Frameworks",
				);
				MARKETING_VERSION = 1.0;
				PRODUCT_BUNDLE_IDENTIFIER = dev.to4iki.MultiModuleSample.Widget;
				PRODUCT_NAME = "$(TARGET_NAME)";
				SKIP_INSTALL = YES;
				SWIFT_EMIT_LOC_STRINGS = YES;
				SWIFT_VERSION = 5.0;
				TARGETED_DEVICE_FAMILY = "1,2";
			};
			name = Release;
		};
/* End XCBuildConfiguration section */

/* Begin XCConfigurationList section */
		1EE452B8295CA27600383982 /* Build configuration list for PBXProject "MultiModuleSample" */ = {
			isa = XCConfigurationList;
			buildConfigurations = (
				1EE452CF295CA27700383982 /* Debug */,
				1EE452D0295CA27700383982 /* Release */,
			);
			defaultConfigurationIsVisible = 0;
			defaultConfigurationName = Release;
		};
		1EE452D1295CA27700383982 /* Build configuration list for PBXNativeTarget "MultiModuleSample" */ = {
			isa = XCConfigurationList;
			buildConfigurations = (
				1EE452D2295CA27700383982 /* Debug */,
				1EE452D3295CA27700383982 /* Release */,
			);
			defaultConfigurationIsVisible = 0;
			defaultConfigurationName = Release;
		};
		1EE452EA295CA2BD00383982 /* Build configuration list for PBXNativeTarget "WidgetExtension" */ = {
			isa = XCConfigurationList;
			buildConfigurations = (
				1EE452EB295CA2BD00383982 /* Debug */,
				1EE452EC295CA2BD00383982 /* Release */,
			);
			defaultConfigurationIsVisible = 0;
			defaultConfigurationName = Release;
		};
/* End XCConfigurationList section */

/* Begin XCSwiftPackageProductDependency section */
		1EE452ED295CA31D00383982 /* AppFeature */ = {
			isa = XCSwiftPackageProductDependency;
			productName = AppFeature;
		};
		1EE452EF295CA32200383982 /* WidgetFeature */ = {
			isa = XCSwiftPackageProductDependency;
			productName = WidgetFeature;
		};
/* End XCSwiftPackageProductDependency section */
	};
	rootObject = 1EE452B5295CA27600383982 /* Project object */;
}
